{
  "requires": true,
  "lockfileVersion": 1,
  "dependencies": {
    "phaser-ce": {
      "version": "2.13.3",
      "resolved": "https://registry.npmjs.org/phaser-ce/-/phaser-ce-2.13.3.tgz",
      "integrity": "sha512-tiaLwzuY1xVSTqpReg6At4ESgDWEn1cUUMjMudv4ft8VAL1whkVBiimtM2LjOi2fvbaFJBR99fSfFfNDKBxj4Q=="
    }
  }
}
